
Microsoft Visual Studio Solution File, Format Version 12.00
# Visual Studio Version 16
VisualStudioVersion = 16.0.32413.511
MinimumVisualStudioVersion = 10.0.40219.1
Project("{FAE04EC0-301F-11D3-BF4B-00C04F79EFBC}") = "graphic_project", "graphic_project.csproj", "{027CA021-C946-4F25-9067-A2517D32E853}"
EndProject
Global
	GlobalSection(SolutionConfigurationPlatforms) = preSolution
		Debug|Any CPU = Debug|Any CPU
		Release|Any CPU = Release|Any CPU
	EndGlobalSection
	GlobalSection(ProjectConfigurationPlatforms) = postSolution
		{027CA021-C946-4F25-9067-A2517D32E853}.Debug|Any CPU.ActiveCfg = Debug|Any CPU
		{027CA021-C946-4F25-9067-A2517D32E853}.Debug|Any CPU.Build.0 = Debug|Any CPU
		{027CA021-C946-4F25-9067-A2517D32E853}.Release|Any CPU.ActiveCfg = Release|Any CPU
		{027CA021-C946-4F25-9067-A2517D32E853}.Release|Any CPU.Build.0 = Release|Any CPU
	EndGlobalSection
	GlobalSection(SolutionProperties) = preSolution
		HideSolutionNode = FALSE
	EndGlobalSection
	GlobalSection(ExtensibilityGlobals) = postSolution
		SolutionGuid = {C029AEED-7466-42DE-A4AE-196B6F2B00F3}
	EndGlobalSection
EndGlobal
